
Microsoft Visual Studio Solution File, Format Version 12.00
# Visual Studio Version 16
VisualStudioVersion = 16.0.32126.315
MinimumVisualStudioVersion = 10.0.40219.1
Project("{FAE04EC0-301F-11D3-BF4B-00C04F79EFBC}") = "mvc3839_7622", "mvc3839_7622.csproj", "{1E0E8840-5404-46D8-AFD4-D51AC6A89F18}"
EndProject
Global
	GlobalSection(SolutionConfigurationPlatforms) = preSolution
		Debug|Any CPU = Debug|Any CPU
		Release|Any CPU = Release|Any CPU
	EndGlobalSection
	GlobalSection(ProjectConfigurationPlatforms) = postSolution
		{1E0E8840-5404-46D8-AFD4-D51AC6A89F18}.Debug|Any CPU.ActiveCfg = Debug|Any CPU
		{1E0E8840-5404-46D8-AFD4-D51AC6A89F18}.Debug|Any CPU.Build.0 = Debug|Any CPU
		{1E0E8840-5404-46D8-AFD4-D51AC6A89F18}.Release|Any CPU.ActiveCfg = Release|Any CPU
		{1E0E8840-5404-46D8-AFD4-D51AC6A89F18}.Release|Any CPU.Build.0 = Release|Any CPU
	EndGlobalSection
	GlobalSection(SolutionProperties) = preSolution
		HideSolutionNode = FALSE
	EndGlobalSection
	GlobalSection(ExtensibilityGlobals) = postSolution
		SolutionGuid = {65705DBA-5F79-4F99-805A-5746BCAB855A}
	EndGlobalSection
EndGlobal
